NeoBundleLock neoformat 891fad5829f91cbc3d0866f7abd028d233b8763e
NeoBundleLock nerdtree fc85a6f07c2cd694be93496ffad75be126240068
NeoBundleLock syntastic 8d5e37c29cf5952fbf300b9230bffe424c61a488
NeoBundleLock vim-airline 038e3a6ca59f11b3bb6a94087c1792322d1a1d5c
NeoBundleLock vim-airline-themes dd81554c2231e438f6d0e8056ea38fd0e80ac02a
NeoBundleLock vim-fugitive 01964fa859854e02334573aadbaa7228c704de9b
NeoBundleLock vim-prettier 5e6cca21e12587c02e32a06bf423519eb1e9f1b2
